
Microsoft Visual Studio Solution File, Format Version 12.00
# Visual Studio Version 17
VisualStudioVersion = 17.0.31903.59
MinimumVisualStudioVersion = 10.0.40219.1
Project("{FAE04EC0-301F-11D3-BF4B-00C04F79EFBC}") = "BurnTogether", "BurnTogether\BurnTogether.csproj", "{B7221C46-04CB-4143-9857-D1B1F3E38458}"
EndProject
Project("{2150E333-8FDC-42A3-9474-1A3956D46DE8}") = "Solution Items", "Solution Items", "{F35CF812-FA83-4EE4-8C9D-69FEC9D8A60C}"
	ProjectSection(SolutionItems) = preProject
		buildRelease.bat = buildRelease.bat
		BurnTogether.version = BurnTogether.version
		Changelog.txt = Changelog.txt
		deploy.bat = deploy.bat
		Installation.txt = Installation.txt
		jenkins.txt = jenkins.txt
	EndProjectSection
EndProject
Global
	GlobalSection(SolutionConfigurationPlatforms) = preSolution
		Debug|x86 = Debug|x86
		Release|x86 = Release|x86
	EndGlobalSection
	GlobalSection(ProjectConfigurationPlatforms) = postSolution
		{B7221C46-04CB-4143-9857-D1B1F3E38458}.Debug|x86.ActiveCfg = Debug|x86
		{B7221C46-04CB-4143-9857-D1B1F3E38458}.Debug|x86.Build.0 = Debug|x86
		{B7221C46-04CB-4143-9857-D1B1F3E38458}.Release|x86.ActiveCfg = Release|x86
		{B7221C46-04CB-4143-9857-D1B1F3E38458}.Release|x86.Build.0 = Release|x86
	EndGlobalSection
	GlobalSection(SolutionProperties) = preSolution
		HideSolutionNode = FALSE
	EndGlobalSection
	GlobalSection(ExtensibilityGlobals) = postSolution
		SolutionGuid = {A4AFE7DD-0941-4BFD-B784-DC1A81D3BBA1}
	EndGlobalSection
	GlobalSection(MonoDevelopProperties) = preSolution
		StartupItem = BurnTogether.csproj
	EndGlobalSection
EndGlobal
